
Microsoft Visual Studio Solution File, Format Version 12.00
# Visual Studio Version 16
VisualStudioVersion = 16.0.31229.75
MinimumVisualStudioVersion = 10.0.40219.1
Project("{2150E333-8FDC-42A3-9474-1A3956D46DE8}") = "1_Api", "1_Api", "{2BD4A435-706D-4075-BC71-7323E0A209FD}"
EndProject
Project("{2150E333-8FDC-42A3-9474-1A3956D46DE8}") = "2_Domain", "2_Domain", "{43E76467-225D-4AD6-857B-76FCD8DEDF69}"
EndProject
Project("{2150E333-8FDC-42A3-9474-1A3956D46DE8}") = "3_Service", "3_Service", "{1676402A-722D-4C2C-9087-9A1597511B09}"
EndProject
Project("{2150E333-8FDC-42A3-9474-1A3956D46DE8}") = "4_Infra", "4_Infra", "{A4E46F26-25A4-4BDE-B89F-E14161F20291}"
EndProject
Project("{2150E333-8FDC-42A3-9474-1A3956D46DE8}") = "4.1_Data", "4.1_Data", "{D3F84543-8D1A-4BE8-9518-548F935F5551}"
EndProject
Project("{2150E333-8FDC-42A3-9474-1A3956D46DE8}") = "4.2_CrossCutting", "4.2_CrossCutting", "{5C4534BA-B048-4AEE-A430-01475A6ECC21}"
EndProject
Project("{9A19103F-16F7-4668-BE54-9A1E7A4F7556}") = "Api.Domain", "..\Api.Domain\Api.Domain.csproj", "{35973B28-6099-46CC-8BCA-BCB15A1629C5}"
EndProject
Project("{9A19103F-16F7-4668-BE54-9A1E7A4F7556}") = "Api.Service", "..\Api.Service\Api.Service.csproj", "{FC242175-F5D9-4BF0-8E32-9443267BAA59}"
EndProject
Project("{9A19103F-16F7-4668-BE54-9A1E7A4F7556}") = "Api.Infra.Data", "..\Api.Infra.Data\Api.Infra.Data.csproj", "{31DC108B-35AA-478E-B7BF-B41DF5AAD4C0}"
EndProject
Project("{9A19103F-16F7-4668-BE54-9A1E7A4F7556}") = "Api.Infra.CrossCutting", "..\Api.Infra.CrossCutting\Api.Infra.CrossCutting.csproj", "{B18B9FF0-4B8F-42B0-B260-65D0A6AE916E}"
EndProject
Project("{FAE04EC0-301F-11D3-BF4B-00C04F79EFBC}") = "Api", "Api.csproj", "{865A6BB2-A5DC-4110-814B-4EB5A9CAFC4A}"
EndProject
Global
	GlobalSection(SolutionConfigurationPlatforms) = preSolution
		Debug|Any CPU = Debug|Any CPU
		Release|Any CPU = Release|Any CPU
	EndGlobalSection
	GlobalSection(ProjectConfigurationPlatforms) = postSolution
		{35973B28-6099-46CC-8BCA-BCB15A1629C5}.Debug|Any CPU.ActiveCfg = Debug|Any CPU
		{35973B28-6099-46CC-8BCA-BCB15A1629C5}.Debug|Any CPU.Build.0 = Debug|Any CPU
		{35973B28-6099-46CC-8BCA-BCB15A1629C5}.Release|Any CPU.ActiveCfg = Release|Any CPU
		{35973B28-6099-46CC-8BCA-BCB15A1629C5}.Release|Any CPU.Build.0 = Release|Any CPU
		{FC242175-F5D9-4BF0-8E32-9443267BAA59}.Debug|Any CPU.ActiveCfg = Debug|Any CPU
		{FC242175-F5D9-4BF0-8E32-9443267BAA59}.Debug|Any CPU.Build.0 = Debug|Any CPU
		{FC242175-F5D9-4BF0-8E32-9443267BAA59}.Release|Any CPU.ActiveCfg = Release|Any CPU
		{FC242175-F5D9-4BF0-8E32-9443267BAA59}.Release|Any CPU.Build.0 = Release|Any CPU
		{31DC108B-35AA-478E-B7BF-B41DF5AAD4C0}.Debug|Any CPU.ActiveCfg = Debug|Any CPU
		{31DC108B-35AA-478E-B7BF-B41DF5AAD4C0}.Debug|Any CPU.Build.0 = Debug|Any CPU
		{31DC108B-35AA-478E-B7BF-B41DF5AAD4C0}.Release|Any CPU.ActiveCfg = Release|Any CPU
		{31DC108B-35AA-478E-B7BF-B41DF5AAD4C0}.Release|Any CPU.Build.0 = Release|Any CPU
		{B18B9FF0-4B8F-42B0-B260-65D0A6AE916E}.Debug|Any CPU.ActiveCfg = Debug|Any CPU
		{B18B9FF0-4B8F-42B0-B260-65D0A6AE916E}.Debug|Any CPU.Build.0 = Debug|Any CPU
		{B18B9FF0-4B8F-42B0-B260-65D0A6AE916E}.Release|Any CPU.ActiveCfg = Release|Any CPU
		{B18B9FF0-4B8F-42B0-B260-65D0A6AE916E}.Release|Any CPU.Build.0 = Release|Any CPU
		{865A6BB2-A5DC-4110-814B-4EB5A9CAFC4A}.Debug|Any CPU.ActiveCfg = Debug|Any CPU
		{865A6BB2-A5DC-4110-814B-4EB5A9CAFC4A}.Debug|Any CPU.Build.0 = Debug|Any CPU
		{865A6BB2-A5DC-4110-814B-4EB5A9CAFC4A}.Release|Any CPU.ActiveCfg = Release|Any CPU
		{865A6BB2-A5DC-4110-814B-4EB5A9CAFC4A}.Release|Any CPU.Build.0 = Release|Any CPU
	EndGlobalSection
	GlobalSection(SolutionProperties) = preSolution
		HideSolutionNode = FALSE
	EndGlobalSection
	GlobalSection(NestedProjects) = preSolution
		{D3F84543-8D1A-4BE8-9518-548F935F5551} = {A4E46F26-25A4-4BDE-B89F-E14161F20291}
		{5C4534BA-B048-4AEE-A430-01475A6ECC21} = {A4E46F26-25A4-4BDE-B89F-E14161F20291}
		{35973B28-6099-46CC-8BCA-BCB15A1629C5} = {43E76467-225D-4AD6-857B-76FCD8DEDF69}
		{FC242175-F5D9-4BF0-8E32-9443267BAA59} = {1676402A-722D-4C2C-9087-9A1597511B09}
		{31DC108B-35AA-478E-B7BF-B41DF5AAD4C0} = {D3F84543-8D1A-4BE8-9518-548F935F5551}
		{B18B9FF0-4B8F-42B0-B260-65D0A6AE916E} = {5C4534BA-B048-4AEE-A430-01475A6ECC21}
		{865A6BB2-A5DC-4110-814B-4EB5A9CAFC4A} = {2BD4A435-706D-4075-BC71-7323E0A209FD}
	EndGlobalSection
	GlobalSection(ExtensibilityGlobals) = postSolution
		SolutionGuid = {24743B50-BAC2-4378-996F-C99A1D71085E}
	EndGlobalSection
EndGlobal
